{
  "name": "ejercicio_5",
  "version": "1.0.0",
  "lockfileVersion": 2,
  "requires": true,
  "packages": {
    "": {
      "version": "1.0.0",
      "license": "ISC",
      "dependencies": {
        "@extra-number/divisors": "^1.1.1",
        "fibonacci": "^1.6.7"
      }
    },
    "node_modules/@extra-number/divisors": {
      "version": "1.1.1",
      "resolved": "https://registry.npmjs.org/@extra-number/divisors/-/divisors-1.1.1.tgz",
      "integrity": "sha512-wG9wvmdEDx20c66B/3HFuGNBWugeiLzgYUuCJvOdCF94h9Mlntq8SILxMCEr8JUVV6q7bK9f/3rnzvqD3dmhhQ=="
    },
    "node_modules/bn.js": {
      "version": "4.12.0",
      "resolved": "https://registry.npmjs.org/bn.js/-/bn.js-4.12.0.tgz",
      "integrity": "sha512-c98Bf3tPniI+scsdk237ku1Dc3ujXQTSgyiPUDEOe7tRkhrqridvh8klBv0HCEso1OLOYcHuCv/cS6DNxKH+ZA=="
    },
    "node_modules/fibonacci": {
      "version": "1.6.7",
      "resolved": "https://registry.npmjs.org/fibonacci/-/fibonacci-1.6.7.tgz",
      "integrity": "sha512-nVgSm9CiotuqZCQmi+fLqhZIDlLihBOfheKt41KaOym1oH1GZo4IsW9EG2x94u92wRcQYiXgBbplbpjAdo1Uxw==",
      "dependencies": {
        "bn.js": "^4.11.8"
      },
      "engines": {
        "node": ">=8.0.0"
      }
    }
  },
  "dependencies": {
    "@extra-number/divisors": {
      "version": "1.1.1",
      "resolved": "https://registry.npmjs.org/@extra-number/divisors/-/divisors-1.1.1.tgz",
      "integrity": "sha512-wG9wvmdEDx20c66B/3HFuGNBWugeiLzgYUuCJvOdCF94h9Mlntq8SILxMCEr8JUVV6q7bK9f/3rnzvqD3dmhhQ=="
    },
    "bn.js": {
      "version": "4.12.0",
      "resolved": "https://registry.npmjs.org/bn.js/-/bn.js-4.12.0.tgz",
      "integrity": "sha512-c98Bf3tPniI+scsdk237ku1Dc3ujXQTSgyiPUDEOe7tRkhrqridvh8klBv0HCEso1OLOYcHuCv/cS6DNxKH+ZA=="
    },
    "fibonacci": {
      "version": "1.6.7",
      "resolved": "https://registry.npmjs.org/fibonacci/-/fibonacci-1.6.7.tgz",
      "integrity": "sha512-nVgSm9CiotuqZCQmi+fLqhZIDlLihBOfheKt41KaOym1oH1GZo4IsW9EG2x94u92wRcQYiXgBbplbpjAdo1Uxw==",
      "requires": {
        "bn.js": "^4.11.8"
      }
    }
  }
}
